
Microsoft Visual Studio Solution File, Format Version 12.00
# Visual Studio Version 17
VisualStudioVersion = 17.0.31912.275
MinimumVisualStudioVersion = 10.0.40219.1
Project("{9A19103F-16F7-4668-BE54-9A1E7A4F7556}") = "BankAccount.OrchestratorAPI", "BankAccount.OrchestratorAPI\BankAccount.OrchestratorAPI.csproj", "{49902980-41F4-4B5D-9600-C80BD06BE956}"
EndProject
Project("{9A19103F-16F7-4668-BE54-9A1E7A4F7556}") = "BankAccount.Shared", "BankAccount.Shared\BankAccount.Shared.csproj", "{197F12FC-397D-4C2B-A7E2-BA1DC5A78EA8}"
EndProject
Project("{9A19103F-16F7-4668-BE54-9A1E7A4F7556}") = "BankAccount.PotentialMemberWebJob", "BankAccount.PotentialMemberWebJob\BankAccount.PotentialMemberWebJob.csproj", "{1207FB6E-B0E9-41B3-8721-C10EE4E6E202}"
EndProject
Project("{9A19103F-16F7-4668-BE54-9A1E7A4F7556}") = "BankAccount.CreateAccountWebJob", "BankAccount.CreateAccountWebJob\BankAccount.CreateAccountWebJob.csproj", "{47CDB23D-3A88-4AFE-AFEE-8ED2060DF0E4}"
EndProject
Project("{9A19103F-16F7-4668-BE54-9A1E7A4F7556}") = "BankAccount.CommunicateWithMemberWebJob", "BankAccount.CommunicateWithMemberWebJob\BankAccount.CommunicateWithMemberWebJob.csproj", "{50E9741E-CE17-48FE-AD96-3EB96EC07059}"
EndProject
Project("{9A19103F-16F7-4668-BE54-9A1E7A4F7556}") = "BankAccount.UI", "BankAccount.UI\BankAccount.UI.csproj", "{F263A715-1ED5-46AA-8D53-E1C28FD4C242}"
EndProject
Project("{FAE04EC0-301F-11D3-BF4B-00C04F79EFBC}") = "BankAccount.Test", "BankAccount.Test\BankAccount.Test.csproj", "{10940ADA-DBB2-4C8D-B2CB-604C7DDAA0B9}"
EndProject
Project("{FAE04EC0-301F-11D3-BF4B-00C04F79EFBC}") = "BankAccount.AzureFunctions", "BankAccount.AzureFunctions\BankAccount.AzureFunctions.csproj", "{F43558BF-F3FC-442D-B966-62B20D7AA171}"
EndProject
Global
	GlobalSection(SolutionConfigurationPlatforms) = preSolution
		Debug|Any CPU = Debug|Any CPU
		Release|Any CPU = Release|Any CPU
	EndGlobalSection
	GlobalSection(ProjectConfigurationPlatforms) = postSolution
		{49902980-41F4-4B5D-9600-C80BD06BE956}.Debug|Any CPU.ActiveCfg = Debug|Any CPU
		{49902980-41F4-4B5D-9600-C80BD06BE956}.Debug|Any CPU.Build.0 = Debug|Any CPU
		{49902980-41F4-4B5D-9600-C80BD06BE956}.Release|Any CPU.ActiveCfg = Release|Any CPU
		{49902980-41F4-4B5D-9600-C80BD06BE956}.Release|Any CPU.Build.0 = Release|Any CPU
		{197F12FC-397D-4C2B-A7E2-BA1DC5A78EA8}.Debug|Any CPU.ActiveCfg = Debug|Any CPU
		{197F12FC-397D-4C2B-A7E2-BA1DC5A78EA8}.Debug|Any CPU.Build.0 = Debug|Any CPU
		{197F12FC-397D-4C2B-A7E2-BA1DC5A78EA8}.Release|Any CPU.ActiveCfg = Release|Any CPU
		{197F12FC-397D-4C2B-A7E2-BA1DC5A78EA8}.Release|Any CPU.Build.0 = Release|Any CPU
		{1207FB6E-B0E9-41B3-8721-C10EE4E6E202}.Debug|Any CPU.ActiveCfg = Debug|Any CPU
		{1207FB6E-B0E9-41B3-8721-C10EE4E6E202}.Debug|Any CPU.Build.0 = Debug|Any CPU
		{1207FB6E-B0E9-41B3-8721-C10EE4E6E202}.Release|Any CPU.ActiveCfg = Release|Any CPU
		{1207FB6E-B0E9-41B3-8721-C10EE4E6E202}.Release|Any CPU.Build.0 = Release|Any CPU
		{47CDB23D-3A88-4AFE-AFEE-8ED2060DF0E4}.Debug|Any CPU.ActiveCfg = Debug|Any CPU
		{47CDB23D-3A88-4AFE-AFEE-8ED2060DF0E4}.Debug|Any CPU.Build.0 = Debug|Any CPU
		{47CDB23D-3A88-4AFE-AFEE-8ED2060DF0E4}.Release|Any CPU.ActiveCfg = Release|Any CPU
		{47CDB23D-3A88-4AFE-AFEE-8ED2060DF0E4}.Release|Any CPU.Build.0 = Release|Any CPU
		{50E9741E-CE17-48FE-AD96-3EB96EC07059}.Debug|Any CPU.ActiveCfg = Debug|Any CPU
		{50E9741E-CE17-48FE-AD96-3EB96EC07059}.Debug|Any CPU.Build.0 = Debug|Any CPU
		{50E9741E-CE17-48FE-AD96-3EB96EC07059}.Release|Any CPU.ActiveCfg = Release|Any CPU
		{50E9741E-CE17-48FE-AD96-3EB96EC07059}.Release|Any CPU.Build.0 = Release|Any CPU
		{F263A715-1ED5-46AA-8D53-E1C28FD4C242}.Debug|Any CPU.ActiveCfg = Debug|Any CPU
		{F263A715-1ED5-46AA-8D53-E1C28FD4C242}.Debug|Any CPU.Build.0 = Debug|Any CPU
		{F263A715-1ED5-46AA-8D53-E1C28FD4C242}.Release|Any CPU.ActiveCfg = Release|Any CPU
		{F263A715-1ED5-46AA-8D53-E1C28FD4C242}.Release|Any CPU.Build.0 = Release|Any CPU
		{10940ADA-DBB2-4C8D-B2CB-604C7DDAA0B9}.Debug|Any CPU.ActiveCfg = Debug|Any CPU
		{10940ADA-DBB2-4C8D-B2CB-604C7DDAA0B9}.Debug|Any CPU.Build.0 = Debug|Any CPU
		{10940ADA-DBB2-4C8D-B2CB-604C7DDAA0B9}.Release|Any CPU.ActiveCfg = Release|Any CPU
		{10940ADA-DBB2-4C8D-B2CB-604C7DDAA0B9}.Release|Any CPU.Build.0 = Release|Any CPU
		{F43558BF-F3FC-442D-B966-62B20D7AA171}.Debug|Any CPU.ActiveCfg = Debug|Any CPU
		{F43558BF-F3FC-442D-B966-62B20D7AA171}.Debug|Any CPU.Build.0 = Debug|Any CPU
		{F43558BF-F3FC-442D-B966-62B20D7AA171}.Release|Any CPU.ActiveCfg = Release|Any CPU
		{F43558BF-F3FC-442D-B966-62B20D7AA171}.Release|Any CPU.Build.0 = Release|Any CPU
	EndGlobalSection
	GlobalSection(SolutionProperties) = preSolution
		HideSolutionNode = FALSE
	EndGlobalSection
	GlobalSection(ExtensibilityGlobals) = postSolution
		SolutionGuid = {37EDE7A6-B668-45AF-AF39-8071E1B86748}
	EndGlobalSection
EndGlobal
